# THIS IS AN AUTOGENERATED FILE. DO NOT EDIT THIS FILE DIRECTLY.
# yarn lockfile v1


"@redis/bloom@1.2.0":
  "integrity" "sha512-HG2DFjYKbpNmVXsa0keLHp/3leGJz1mjh09f2RLGGLQZzSHpkmZWuwJbAvo3QcRY8p80m5+ZdXZdYOSBLlp7Cg=="
  "resolved" "https://registry.npmjs.org/@redis/bloom/-/bloom-1.2.0.tgz"
  "version" "1.2.0"

"@redis/client@^1.0.0", "@redis/client@1.5.16":
  "integrity" "sha512-X1a3xQ5kEMvTib5fBrHKh6Y+pXbeKXqziYuxOUo1ojQNECg4M5Etd1qqyhMap+lFUOAh8S7UYevgJHOm4A+NOg=="
  "resolved" "https://registry.npmjs.org/@redis/client/-/client-1.5.16.tgz"
  "version" "1.5.16"
  dependencies:
    "cluster-key-slot" "1.1.2"
    "generic-pool" "3.9.0"
    "yallist" "4.0.0"

"@redis/graph@1.1.1":
  "integrity" "sha512-FEMTcTHZozZciLRl6GiiIB4zGm5z5F3F6a6FZCyrfxdKOhFlGkiAqlexWMBzCi4DcRoyiOsuLfW+cjlGWyExOw=="
  "resolved" "https://registry.npmjs.org/@redis/graph/-/graph-1.1.1.tgz"
  "version" "1.1.1"

"@redis/json@1.0.6":
  "integrity" "sha512-rcZO3bfQbm2zPRpqo82XbW8zg4G/w4W3tI7X8Mqleq9goQjAGLL7q/1n1ZX4dXEAmORVZ4s1+uKLaUOg7LrUhw=="
  "resolved" "https://registry.npmjs.org/@redis/json/-/json-1.0.6.tgz"
  "version" "1.0.6"

"@redis/search@1.1.6":
  "integrity" "sha512-mZXCxbTYKBQ3M2lZnEddwEAks0Kc7nauire8q20oA0oA/LoA+E/b5Y5KZn232ztPb1FkIGqo12vh3Lf+Vw5iTw=="
  "resolved" "https://registry.npmjs.org/@redis/search/-/search-1.1.6.tgz"
  "version" "1.1.6"

"@redis/time-series@1.0.5":
  "integrity" "sha512-IFjIgTusQym2B5IZJG3XKr5llka7ey84fw/NOYqESP5WUfQs9zz1ww/9+qoz4ka/S6KcGBodzlCeZ5UImKbscg=="
  "resolved" "https://registry.npmjs.org/@redis/time-series/-/time-series-1.0.5.tgz"
  "version" "1.0.5"

"@types/node@*":
  "integrity" "sha512-eajsR9aeljqNhK028VG0Wuw+OaY5LLxYmxeoXynIoE6jannr9/Ucd1LL0hSSoafk5LTYG+FfqsyGt81Q6Zkybw=="
  "resolved" "https://registry.npmjs.org/@types/node/-/node-20.5.8.tgz"
  "version" "20.5.8"

"@types/pg@^8.10.2":
  "integrity" "sha512-MKFs9P6nJ+LAeHLU3V0cODEOgyThJ3OAnmOlsZsxux6sfQs3HRXR5bBn7xG5DjckEFhTAxsXi7k7cd0pCMxpJw=="
  "resolved" "https://registry.npmjs.org/@types/pg/-/pg-8.10.2.tgz"
  "version" "8.10.2"
  dependencies:
    "@types/node" "*"
    "pg-protocol" "*"
    "pg-types" "^4.0.1"

"async@>= 0.1.22":
  "integrity" "sha512-baNZyqaaLhyLVKm/DlvdW051MSgO6b8eVfIezl9E5PqWxFgzLm/wQntEW4zOytVburDEr0JlALEpdOFwvErLsg=="
  "resolved" "https://registry.npmjs.org/async/-/async-3.2.5.tgz"
  "version" "3.2.5"

"cluster-key-slot@1.1.2":
  "integrity" "sha512-RMr0FhtfXemyinomL4hrWcYJxmX6deFdCxpJzhDttxgO1+bcCnkk+9drydLVDmAMG7NE6aN/fl4F7ucU/90gAA=="
  "resolved" "https://registry.npmjs.org/cluster-key-slot/-/cluster-key-slot-1.1.2.tgz"
  "version" "1.1.2"

"generic-pool@3.9.0":
  "integrity" "sha512-hymDOu5B53XvN4QT9dBmZxPX4CWhBPPLguTZ9MMFeFa/Kg0xWVfylOVNlJji/E7yTZWFd/q9GO5TxDLq156D7g=="
  "resolved" "https://registry.npmjs.org/generic-pool/-/generic-pool-3.9.0.tgz"
  "version" "3.9.0"

"obuf@~1.1.2":
  "integrity" "sha512-PX1wu0AmAdPqOL1mWhqmlOd8kOIZQwGZw6rh7uby9fTc5lhaOWFLX3I6R1hrF9k3zUY40e6igsLGkDXK92LJNg=="
  "resolved" "https://registry.npmjs.org/obuf/-/obuf-1.1.2.tgz"
  "version" "1.1.2"

"pg-cloudflare@^1.1.1":
  "integrity" "sha512-xWPagP/4B6BgFO+EKz3JONXv3YDgvkbVrGw2mTo3D6tVDQRh1e7cqVGvyR3BE+eQgAvx1XhW/iEASj4/jCWl3Q=="
  "resolved" "https://registry.npmjs.org/pg-cloudflare/-/pg-cloudflare-1.1.1.tgz"
  "version" "1.1.1"

"pg-connection-string@^2.6.4":
  "integrity" "sha512-v+Z7W/0EO707aNMaAEfiGnGL9sxxumwLl2fJvCQtMn9Fxsg+lPpPkdcyBSv/KFgpGdYkMfn+EI1Or2EHjpgLCA=="
  "resolved" "https://registry.npmjs.org/pg-connection-string/-/pg-connection-string-2.6.4.tgz"
  "version" "2.6.4"

"pg-int8@1.0.1":
  "integrity" "sha512-WCtabS6t3c8SkpDBUlb1kjOs7l66xsGdKpIPZsg4wR+B3+u9UAum2odSsF9tnvxg80h4ZxLWMy4pRjOsFIqQpw=="
  "resolved" "https://registry.npmjs.org/pg-int8/-/pg-int8-1.0.1.tgz"
  "version" "1.0.1"

"pg-numeric@1.0.2":
  "integrity" "sha512-BM/Thnrw5jm2kKLE5uJkXqqExRUY/toLHda65XgFTBTFYZyopbKjBe29Ii3RbkvlsMoFwD+tHeGaCjjv0gHlyw=="
  "resolved" "https://registry.npmjs.org/pg-numeric/-/pg-numeric-1.0.2.tgz"
  "version" "1.0.2"

"pg-pool@^3.6.2":
  "integrity" "sha512-Htjbg8BlwXqSBQ9V8Vjtc+vzf/6fVUuak/3/XXKA9oxZprwW3IMDQTGHP+KDmVL7rtd+R1QjbnCFPuTHm3G4hg=="
  "resolved" "https://registry.npmjs.org/pg-pool/-/pg-pool-3.6.2.tgz"
  "version" "3.6.2"

"pg-protocol@*", "pg-protocol@^1.6.1":
  "integrity" "sha512-jPIlvgoD63hrEuihvIg+tJhoGjUsLPn6poJY9N5CnlPd91c2T18T/9zBtLxZSb1EhYxBRoZJtzScCaWlYLtktg=="
  "resolved" "https://registry.npmjs.org/pg-protocol/-/pg-protocol-1.6.1.tgz"
  "version" "1.6.1"

"pg-types@^2.1.0":
  "integrity" "sha512-qTAAlrEsl8s4OiEQY69wDvcMIdQN6wdz5ojQiOy6YRMuynxenON0O5oCpJI6lshc6scgAY8qvJ2On/p+CXY0GA=="
  "resolved" "https://registry.npmjs.org/pg-types/-/pg-types-2.2.0.tgz"
  "version" "2.2.0"
  dependencies:
    "pg-int8" "1.0.1"
    "postgres-array" "~2.0.0"
    "postgres-bytea" "~1.0.0"
    "postgres-date" "~1.0.4"
    "postgres-interval" "^1.1.0"

"pg-types@^4.0.1":
  "integrity" "sha512-hRCSDuLII9/LE3smys1hRHcu5QGcLs9ggT7I/TCs0IE+2Eesxi9+9RWAAwZ0yaGjxoWICF/YHLOEjydGujoJ+g=="
  "resolved" "https://registry.npmjs.org/pg-types/-/pg-types-4.0.1.tgz"
  "version" "4.0.1"
  dependencies:
    "pg-int8" "1.0.1"
    "pg-numeric" "1.0.2"
    "postgres-array" "~3.0.1"
    "postgres-bytea" "~3.0.0"
    "postgres-date" "~2.0.1"
    "postgres-interval" "^3.0.0"
    "postgres-range" "^1.1.1"

"pg@^8.11.5", "pg@>=8.0":
  "integrity" "sha512-jqgNHSKL5cbDjFlHyYsCXmQDrfIX/3RsNwYqpd4N0Kt8niLuNoRNH+aazv6cOd43gPh9Y4DjQCtb+X0MH0Hvnw=="
  "resolved" "https://registry.npmjs.org/pg/-/pg-8.11.5.tgz"
  "version" "8.11.5"
  dependencies:
    "pg-connection-string" "^2.6.4"
    "pg-pool" "^3.6.2"
    "pg-protocol" "^1.6.1"
    "pg-types" "^2.1.0"
    "pgpass" "1.x"
  optionalDependencies:
    "pg-cloudflare" "^1.1.1"

"pgpass@1.x":
  "integrity" "sha512-FdW9r/jQZhSeohs1Z3sI1yxFQNFvMcnmfuj4WBMUTxOrAyLMaTcE1aAMBiTlbMNaXvBCQuVi0R7hd8udDSP7ug=="
  "resolved" "https://registry.npmjs.org/pgpass/-/pgpass-1.0.5.tgz"
  "version" "1.0.5"
  dependencies:
    "split2" "^4.1.0"

"postgres-array@~2.0.0":
  "integrity" "sha512-VpZrUqU5A69eQyW2c5CA1jtLecCsN2U/bD6VilrFDWq5+5UIEVO7nazS3TEcHf1zuPYO/sqGvUvW62g86RXZuA=="
  "resolved" "https://registry.npmjs.org/postgres-array/-/postgres-array-2.0.0.tgz"
  "version" "2.0.0"

"postgres-array@~3.0.1":
  "integrity" "sha512-6faShkdFugNQCLwucjPcY5ARoW1SlbnrZjmGl0IrrqewpvxvhSLHimCVzqeuULCbG0fQv7Dtk1yDbG3xv7Veog=="
  "resolved" "https://registry.npmjs.org/postgres-array/-/postgres-array-3.0.2.tgz"
  "version" "3.0.2"

"postgres-bytea@~1.0.0":
  "integrity" "sha512-xy3pmLuQqRBZBXDULy7KbaitYqLcmxigw14Q5sj8QBVLqEwXfeybIKVWiqAXTlcvdvb0+xkOtDbfQMOf4lST1w=="
  "resolved" "https://registry.npmjs.org/postgres-bytea/-/postgres-bytea-1.0.0.tgz"
  "version" "1.0.0"

"postgres-bytea@~3.0.0":
  "integrity" "sha512-CNd4jim9RFPkObHSjVHlVrxoVQXz7quwNFpz7RY1okNNme49+sVyiTvTRobiLV548Hx/hb1BG+iE7h9493WzFw=="
  "resolved" "https://registry.npmjs.org/postgres-bytea/-/postgres-bytea-3.0.0.tgz"
  "version" "3.0.0"
  dependencies:
    "obuf" "~1.1.2"

"postgres-date@~1.0.4":
  "integrity" "sha512-suDmjLVQg78nMK2UZ454hAG+OAW+HQPZ6n++TNDUX+L0+uUlLywnoxJKDou51Zm+zTCjrCl0Nq6J9C5hP9vK/Q=="
  "resolved" "https://registry.npmjs.org/postgres-date/-/postgres-date-1.0.7.tgz"
  "version" "1.0.7"

"postgres-date@~2.0.1":
  "integrity" "sha512-YtMKdsDt5Ojv1wQRvUhnyDJNSr2dGIC96mQVKz7xufp07nfuFONzdaowrMHjlAzY6GDLd4f+LUHHAAM1h4MdUw=="
  "resolved" "https://registry.npmjs.org/postgres-date/-/postgres-date-2.0.1.tgz"
  "version" "2.0.1"

"postgres-interval@^1.1.0":
  "integrity" "sha512-9ZhXKM/rw350N1ovuWHbGxnGh/SNJ4cnxHiM0rxE4VN41wsg8P8zWn9hv/buK00RP4WvlOyr/RBDiptyxVbkZQ=="
  "resolved" "https://registry.npmjs.org/postgres-interval/-/postgres-interval-1.2.0.tgz"
  "version" "1.2.0"
  dependencies:
    "xtend" "^4.0.0"

"postgres-interval@^3.0.0":
  "integrity" "sha512-BSNDnbyZCXSxgA+1f5UU2GmwhoI0aU5yMxRGO8CdFEcY2BQF9xm/7MqKnYoM1nJDk8nONNWDk9WeSmePFhQdlw=="
  "resolved" "https://registry.npmjs.org/postgres-interval/-/postgres-interval-3.0.0.tgz"
  "version" "3.0.0"

"postgres-range@^1.1.1":
  "integrity" "sha512-VdlZoocy5lCP0c/t66xAfclglEapXPCIVhqqJRncYpvbCgImF0w67aPKfbqUMr72tO2k5q0TdTZwCLjPTI6C9g=="
  "resolved" "https://registry.npmjs.org/postgres-range/-/postgres-range-1.1.3.tgz"
  "version" "1.1.3"

"pq@^0.0.3":
  "integrity" "sha512-Km5+CIz9f/bIfk5XDnKEeXpkufmvdfqKLz+rDQOSA/oCALg9oYdWn2puEZoF4453/5/k+u+t7lJU9Aqw9vQUDQ=="
  "resolved" "https://registry.npmjs.org/pq/-/pq-0.0.3.tgz"
  "version" "0.0.3"
  dependencies:
    "async" ">= 0.1.22"
    "redis" ">= 0.8.2"

"redis@>= 0.8.2":
  "integrity" "sha512-GrNg/e33HtsQwNXL7kJT+iNFPSwE1IPmd7wzV3j4f2z0EYxZfZE7FVTmUysgAtqQQtg5NXF5SNLR9OdO/UHOfw=="
  "resolved" "https://registry.npmjs.org/redis/-/redis-4.6.14.tgz"
  "version" "4.6.14"
  dependencies:
    "@redis/bloom" "1.2.0"
    "@redis/client" "1.5.16"
    "@redis/graph" "1.1.1"
    "@redis/json" "1.0.6"
    "@redis/search" "1.1.6"
    "@redis/time-series" "1.0.5"

"split2@^4.1.0":
  "integrity" "sha512-UcjcJOWknrNkF6PLX83qcHM6KHgVKNkV62Y8a5uYDVv9ydGQVwAHMKqHdJje1VTWpljG0WYpCDhrCdAOYH4TWg=="
  "resolved" "https://registry.npmjs.org/split2/-/split2-4.2.0.tgz"
  "version" "4.2.0"

"xtend@^4.0.0":
  "integrity" "sha512-LKYU1iAXJXUgAXn9URjiu+MWhyUXHsvfp7mcuYm9dSUKK0/CjtrUwFAxD82/mCWbtLsGjFIad0wIsod4zrTAEQ=="
  "resolved" "https://registry.npmjs.org/xtend/-/xtend-4.0.2.tgz"
  "version" "4.0.2"

"yallist@4.0.0":
  "integrity" "sha512-3wdGidZyq5PB084XLES5TpOSRA3wjXAlIWMhum2kRcv/41Sn2emQ0dycQW4uZXLejwKvg6EsvbdlVL+FYEct7A=="
  "resolved" "https://registry.npmjs.org/yallist/-/yallist-4.0.0.tgz"
  "version" "4.0.0"
